
Microsoft Visual Studio Solution File, Format Version 12.00
# Visual Studio 15
VisualStudioVersion = 15.0.28010.2019
MinimumVisualStudioVersion = 10.0.40219.1
Project("{FAE04EC0-301F-11D3-BF4B-00C04F79EFBC}") = "qna.core", "..\qna.core\qna.core.csproj", "{77731006-E200-436B-A3F3-15A7A326AB02}"
EndProject
Project("{FAE04EC0-301F-11D3-BF4B-00C04F79EFBC}") = "qna.core.tests", "qna.core.tests\qna.core.tests.csproj", "{1B87D060-CFBC-4C4B-ABEE-6460C854C31E}"
EndProject
Global
	GlobalSection(SolutionConfigurationPlatforms) = preSolution
		Debug|Any CPU = Debug|Any CPU
		Release|Any CPU = Release|Any CPU
	EndGlobalSection
	GlobalSection(ProjectConfigurationPlatforms) = postSolution
		{77731006-E200-436B-A3F3-15A7A326AB02}.Debug|Any CPU.ActiveCfg = Debug|Any CPU
		{77731006-E200-436B-A3F3-15A7A326AB02}.Debug|Any CPU.Build.0 = Debug|Any CPU
		{77731006-E200-436B-A3F3-15A7A326AB02}.Release|Any CPU.ActiveCfg = Release|Any CPU
		{77731006-E200-436B-A3F3-15A7A326AB02}.Release|Any CPU.Build.0 = Release|Any CPU
		{1B87D060-CFBC-4C4B-ABEE-6460C854C31E}.Debug|Any CPU.ActiveCfg = Debug|Any CPU
		{1B87D060-CFBC-4C4B-ABEE-6460C854C31E}.Debug|Any CPU.Build.0 = Debug|Any CPU
		{1B87D060-CFBC-4C4B-ABEE-6460C854C31E}.Release|Any CPU.ActiveCfg = Release|Any CPU
		{1B87D060-CFBC-4C4B-ABEE-6460C854C31E}.Release|Any CPU.Build.0 = Release|Any CPU
	EndGlobalSection
	GlobalSection(SolutionProperties) = preSolution
		HideSolutionNode = FALSE
	EndGlobalSection
	GlobalSection(ExtensibilityGlobals) = postSolution
		SolutionGuid = {9A0D30AA-08FB-49F7-B3C5-80C3571FDE14}
	EndGlobalSection
EndGlobal
